<?xml version="1.0" encoding="utf-8"?>
<Project ToolsVersion="4.0" xmlns="http://schemas.microsoft.com/developer/msbuild/2003">
  <ItemGroup>
    <ClCompile Include="BB-TextAdventure.cpp" />
    <ClCompile Include="Command.cpp" />
    <ClCompile Include="CommandParser.cpp" />
    <ClCompile Include="Enemy.cpp" />
    <ClCompile Include="HealthUI.cpp" />
    <ClCompile Include="Item.cpp" />
    <ClCompile Include="Zone.cpp" />
    <ClCompile Include="MiniBoss.cpp" />
    <ClCompile Include="NounLookup.cpp" />
    <ClCompile Include="NPC.cpp" />
    <ClCompile Include="Player.cpp" />
    <ClCompile Include="PlayerActionManager.cpp" />
    <ClCompile Include="Tile.cpp" />
    <ClCompile Include="UI.cpp" />
    <ClCompile Include="VerbLookup.cpp" />
    <ClCompile Include="Renderer.cpp" />
    <ClCompile Include="World.cpp" />
    <ClCompile Include="QuestProgress.cpp" />
    <ClCompile Include="TimeMachineLiquidQuest.cpp" />
    <ClCompile Include="GearsQuest.cpp" />
    <ClCompile Include="JungleNPC.cpp" />
  </ItemGroup>
  <ItemGroup>
    <ClInclude Include="ColorCodes.h" />
    <ClInclude Include="Command.h" />
    <ClInclude Include="CommandParser.h" />
    <ClInclude Include="Enemy.h" />
    <ClInclude Include="HealthUI.h" />
    <ClInclude Include="Item.h" />
    <ClInclude Include="Zone.h" />
    <ClInclude Include="MiniBoss.h" />
    <ClInclude Include="Noun.h" />
    <ClInclude Include="NounLookup.h" />
    <ClInclude Include="NPC.h" />
    <ClInclude Include="Player.h" />
    <ClInclude Include="PlayerActionManager.h" />
    <ClInclude Include="Tile.h" />
    <ClInclude Include="UI.h" />
    <ClInclude Include="Verb.h" />
    <ClInclude Include="VerbLookup.h" />
    <ClInclude Include="Renderer.h" />
    <ClInclude Include="World.h" />
    <ClInclude Include="resource.h" />
    <ClInclude Include="QuestProgress.h" />
    <ClInclude Include="TimeMachineLiquidQuest.h" />
    <ClInclude Include="GearsQuest.h" />
    <ClInclude Include="JungleNPC.h" />
  </ItemGroup>
  <ItemGroup>
    <ResourceCompile Include="BB-TextAdventure.rc" />
  </ItemGroup>
</Project>